
Microsoft Visual Studio Solution File, Format Version 12.00
# Visual Studio Version 16
VisualStudioVersion = 16.0.30011.22
MinimumVisualStudioVersion = 10.0.40219.1
Project("{FAE04EC0-301F-11D3-BF4B-00C04F79EFBC}") = "traffic_light", "traffic_light\traffic_light.csproj", "{2BEF4CBA-80C7-4578-A83B-2D86CDC8E0A4}"
EndProject
Global
	GlobalSection(SolutionConfigurationPlatforms) = preSolution
		Debug|Any CPU = Debug|Any CPU
		Release|Any CPU = Release|Any CPU
	EndGlobalSection
	GlobalSection(ProjectConfigurationPlatforms) = postSolution
		{2BEF4CBA-80C7-4578-A83B-2D86CDC8E0A4}.Debug|Any CPU.ActiveCfg = Debug|Any CPU
		{2BEF4CBA-80C7-4578-A83B-2D86CDC8E0A4}.Debug|Any CPU.Build.0 = Debug|Any CPU
		{2BEF4CBA-80C7-4578-A83B-2D86CDC8E0A4}.Release|Any CPU.ActiveCfg = Release|Any CPU
		{2BEF4CBA-80C7-4578-A83B-2D86CDC8E0A4}.Release|Any CPU.Build.0 = Release|Any CPU
	EndGlobalSection
	GlobalSection(SolutionProperties) = preSolution
		HideSolutionNode = FALSE
	EndGlobalSection
	GlobalSection(ExtensibilityGlobals) = postSolution
		SolutionGuid = {70ADDF03-9354-4693-A99D-EB1D7E7EE8C8}
	EndGlobalSection
EndGlobal
